PODS:
  - Alamofire (5.4.4)
  - Kingfisher (6.3.0)
  - SwiftyJSON (4.3.0)

DEPENDENCIES:
  - Alamofire (~> 5.4)
  - Kingfisher
  - SwiftyJSON (~> 4.0)

SPEC REPOS:
  trunk:
    - Alamofire
    - Kingfisher
    - SwiftyJSON

SPEC CHECKSUMS:
  Alamofire: f3b09a368f1582ab751b3fff5460276e0d2cf5c9
  Kingfisher: 6c3df386db71d82c0817a429d2c9421a77396529
  SwiftyJSON: 6faa0040f8b59dead0ee07436cbf76b73c08fd08

PODFILE CHECKSUM: 3b3609c1412b8f4e8146728e77cc3a5926a40dd1

COCOAPODS: 1.10.1
